
Microsoft Visual Studio Solution File, Format Version 12.00
Project("{FAE04EC0-301F-11D3-BF4B-00C04F79EFBC}") = "LicensePlateDataShared", "LicensePlateDataShared\LicensePlateDataShared.csproj", "{012FE61E-CC8A-4804-B1D0-E73B15923460}"
EndProject
Project("{FAE04EC0-301F-11D3-BF4B-00C04F79EFBC}") = "LicensePlateServer", "LicensePlateServer\LicensePlateServer.csproj", "{DDA91EEC-968D-4974-8F52-ADA8F8FC397C}"
EndProject
Project("{FAE04EC0-301F-11D3-BF4B-00C04F79EFBC}") = "LicensePlateServer.UI", "LicensePlateServer.UI\LicensePlateServer.UI.csproj", "{24A725C5-8CEC-4F4D-9D68-DE2F4181C391}"
EndProject
Project("{FAE04EC0-301F-11D3-BF4B-00C04F79EFBC}") = "LicensePlateClient", "LicensePlateClient\LicensePlateClient.csproj", "{09BEE3B7-FC7B-4A9A-ABF7-CDE4C7E9CE86}"
EndProject
Global
	GlobalSection(SolutionConfigurationPlatforms) = preSolution
		Debug|Any CPU = Debug|Any CPU
		Release|Any CPU = Release|Any CPU
	EndGlobalSection
	GlobalSection(ProjectConfigurationPlatforms) = postSolution
		{012FE61E-CC8A-4804-B1D0-E73B15923460}.Debug|Any CPU.ActiveCfg = Debug|Any CPU
		{012FE61E-CC8A-4804-B1D0-E73B15923460}.Debug|Any CPU.Build.0 = Debug|Any CPU
		{012FE61E-CC8A-4804-B1D0-E73B15923460}.Release|Any CPU.ActiveCfg = Release|Any CPU
		{012FE61E-CC8A-4804-B1D0-E73B15923460}.Release|Any CPU.Build.0 = Release|Any CPU
		{DDA91EEC-968D-4974-8F52-ADA8F8FC397C}.Debug|Any CPU.ActiveCfg = Debug|Any CPU
		{DDA91EEC-968D-4974-8F52-ADA8F8FC397C}.Debug|Any CPU.Build.0 = Debug|Any CPU
		{DDA91EEC-968D-4974-8F52-ADA8F8FC397C}.Release|Any CPU.ActiveCfg = Release|Any CPU
		{DDA91EEC-968D-4974-8F52-ADA8F8FC397C}.Release|Any CPU.Build.0 = Release|Any CPU
		{24A725C5-8CEC-4F4D-9D68-DE2F4181C391}.Debug|Any CPU.ActiveCfg = Debug|Any CPU
		{24A725C5-8CEC-4F4D-9D68-DE2F4181C391}.Debug|Any CPU.Build.0 = Debug|Any CPU
		{24A725C5-8CEC-4F4D-9D68-DE2F4181C391}.Release|Any CPU.ActiveCfg = Release|Any CPU
		{24A725C5-8CEC-4F4D-9D68-DE2F4181C391}.Release|Any CPU.Build.0 = Release|Any CPU
		{09BEE3B7-FC7B-4A9A-ABF7-CDE4C7E9CE86}.Debug|Any CPU.ActiveCfg = Debug|Any CPU
		{09BEE3B7-FC7B-4A9A-ABF7-CDE4C7E9CE86}.Debug|Any CPU.Build.0 = Debug|Any CPU
		{09BEE3B7-FC7B-4A9A-ABF7-CDE4C7E9CE86}.Release|Any CPU.ActiveCfg = Release|Any CPU
		{09BEE3B7-FC7B-4A9A-ABF7-CDE4C7E9CE86}.Release|Any CPU.Build.0 = Release|Any CPU
	EndGlobalSection
EndGlobal
